
Microsoft Visual Studio Solution File, Format Version 12.00
# Visual Studio Version 16
VisualStudioVersion = 16.0.29411.108
MinimumVisualStudioVersion = 10.0.40219.1
Project("{FAE04EC0-301F-11D3-BF4B-00C04F79EFBC}") = "DevCenterGallery", "DevCenterGallery\DevCenterGallery.csproj", "{5F17F9F7-0875-4F43-8D00-42DEEBD3256F}"
EndProject
Project("{FAE04EC0-301F-11D3-BF4B-00C04F79EFBC}") = "DevCenterGallery.Common", "DevCenterGallery.Common\DevCenterGallery.Common.csproj", "{BB238D3D-82F8-4559-9636-D2B33A77AEE0}"
EndProject
Global
	GlobalSection(SolutionConfigurationPlatforms) = preSolution
		Debug|ARM64 = Debug|ARM64
		Debug|x64 = Debug|x64
		Release|ARM64 = Release|ARM64
		Release|x64 = Release|x64
	EndGlobalSection
	GlobalSection(ProjectConfigurationPlatforms) = postSolution
		{5F17F9F7-0875-4F43-8D00-42DEEBD3256F}.Debug|ARM64.ActiveCfg = Debug|ARM64
		{5F17F9F7-0875-4F43-8D00-42DEEBD3256F}.Debug|ARM64.Build.0 = Debug|ARM64
		{5F17F9F7-0875-4F43-8D00-42DEEBD3256F}.Debug|ARM64.Deploy.0 = Debug|ARM64
		{5F17F9F7-0875-4F43-8D00-42DEEBD3256F}.Debug|x64.ActiveCfg = Debug|x64
		{5F17F9F7-0875-4F43-8D00-42DEEBD3256F}.Debug|x64.Build.0 = Debug|x64
		{5F17F9F7-0875-4F43-8D00-42DEEBD3256F}.Debug|x64.Deploy.0 = Debug|x64
		{5F17F9F7-0875-4F43-8D00-42DEEBD3256F}.Release|ARM64.ActiveCfg = Release|ARM64
		{5F17F9F7-0875-4F43-8D00-42DEEBD3256F}.Release|ARM64.Build.0 = Release|ARM64
		{5F17F9F7-0875-4F43-8D00-42DEEBD3256F}.Release|ARM64.Deploy.0 = Release|ARM64
		{5F17F9F7-0875-4F43-8D00-42DEEBD3256F}.Release|x64.ActiveCfg = Release|x64
		{5F17F9F7-0875-4F43-8D00-42DEEBD3256F}.Release|x64.Build.0 = Release|x64
		{5F17F9F7-0875-4F43-8D00-42DEEBD3256F}.Release|x64.Deploy.0 = Release|x64
		{BB238D3D-82F8-4559-9636-D2B33A77AEE0}.Debug|ARM64.ActiveCfg = Debug|ARM64
		{BB238D3D-82F8-4559-9636-D2B33A77AEE0}.Debug|ARM64.Build.0 = Debug|ARM64
		{BB238D3D-82F8-4559-9636-D2B33A77AEE0}.Debug|x64.ActiveCfg = Debug|x64
		{BB238D3D-82F8-4559-9636-D2B33A77AEE0}.Debug|x64.Build.0 = Debug|x64
		{BB238D3D-82F8-4559-9636-D2B33A77AEE0}.Release|ARM64.ActiveCfg = Release|ARM64
		{BB238D3D-82F8-4559-9636-D2B33A77AEE0}.Release|ARM64.Build.0 = Release|ARM64
		{BB238D3D-82F8-4559-9636-D2B33A77AEE0}.Release|x64.ActiveCfg = Release|x64
		{BB238D3D-82F8-4559-9636-D2B33A77AEE0}.Release|x64.Build.0 = Release|x64
	EndGlobalSection
	GlobalSection(SolutionProperties) = preSolution
		HideSolutionNode = FALSE
	EndGlobalSection
	GlobalSection(ExtensibilityGlobals) = postSolution
		SolutionGuid = {1104B825-79B0-4551-B4EE-78AB106FF86C}
	EndGlobalSection
EndGlobal
